{
  "name": "node-todo",
  "version": "0.0.0",
  "lockfileVersion": 2,
  "requires": true,
  "packages": {
    "": {
      "name": "node-todo",
      "version": "0.0.0",
      "dependencies": {
        "body-parser": "^1.15.2",
        "express": "^4.14.0",
        "jsonwebtoken": "^7.0.1",
        "method-override": "^2.3.6",
        "mongoose": "^4.5.3",
        "morgan": "^1.7.0"
      }
    },
    "node_modules/body-parser": {
      "version": "1.15.2",
      "license": "MIT",
      "dependencies": {
        "bytes": "2.4.0",
        "content-type": "~1.0.2",
        "debug": "~2.2.0",
        "depd": "~1.1.0",
        "http-errors": "~1.5.0",
        "iconv-lite": "0.4.13",
        "on-finished": "~2.3.0",
        "qs": "6.2.0",
        "raw-body": "~2.1.7",
        "type-is": "~1.6.13"
      },
      "engines": {
        "node": ">= 0.8"
      }
    },
    "node_modules/body-parser/node_modules/bytes": {
      "version": "2.4.0",
      "license": "MIT"
    },
    "node_modules/body-parser/node_modules/content-type": {
      "version": "1.0.2",
      "license": "MIT",
      "engines": {
        "node": ">= 0.6"
      }
    },
    "node_modules/body-parser/node_modules/debug": {
      "version": "2.2.0",
      "license": "MIT",
      "dependencies": {
        "ms": "0.7.1"
      }
    },
    "node_modules/body-parser/node_modules/debug/node_modules/ms": {
      "version": "0.7.1"
    },
    "node_modules/body-parser/node_modules/depd": {
      "version": "1.1.0",
      "license": "MIT",
      "engines": {
        "node": ">= 0.6"
      }
    },
    "node_modules/body-parser/node_modules/http-errors": {
      "version": "1.5.0",
      "license": "MIT",
      "dependencies": {
        "inherits": "2.0.1",
        "setprototypeof": "1.0.1",
        "statuses": ">= 1.3.0 < 2"
      },
      "engines": {
        "node": ">= 0.6"
      }
    },
    "node_modules/body-parser/node_modules/http-errors/node_modules/inherits": {
      "version": "2.0.1",
      "license": "ISC"
    },
    "node_modules/body-parser/node_modules/http-errors/node_modules/setprototypeof": {
      "version": "1.0.1",
      "license": "ISC"
    },
    "node_modules/body-parser/node_modules/http-errors/node_modules/statuses": {
      "version": "1.3.0",
      "license": "MIT",
      "engines": {
        "node": ">= 0.6"
      }
    },
    "node_modules/body-parser/node_modules/iconv-lite": {
      "version": "0.4.13",
      "license": "MIT",
      "engines": {
        "node": ">=0.8.0"
      }
    },
    "node_modules/body-parser/node_modules/on-finished": {
      "version": "2.3.0",
      "license": "MIT",
      "dependencies": {
        "ee-first": "1.1.1"
      },
      "engines": {
        "node": ">= 0.8"
      }
    },
    "node_modules/body-parser/node_modules/on-finished/node_modules/ee-first": {
      "version": "1.1.1",
      "license": "MIT"
    },
    "node_modules/body-parser/node_modules/qs": {
      "version": "6.2.0",
      "license": "BSD-3-Clause",
      "engines": {
        "node": ">=0.6"
      }
    },
    "node_modules/body-parser/node_modules/raw-body": {
      "version": "2.1.7",
      "license": "MIT",
      "dependencies": {
        "bytes": "2.4.0",
        "iconv-lite": "0.4.13",
        "unpipe": "1.0.0"
      },
      "engines": {
        "node": ">= 0.8"
      }
    },
    "node_modules/body-parser/node_modules/raw-body/node_modules/unpipe": {
      "version": "1.0.0",
      "license": "MIT",
      "engines": {
        "node": ">= 0.8"
      }
    },
    "node_modules/body-parser/node_modules/type-is": {
      "version": "1.6.13",
      "license": "MIT",
      "dependencies": {
        "media-typer": "0.3.0",
        "mime-types": "~2.1.11"
      },
      "engines": {
        "node": ">= 0.6"
      }
    },
    "node_modules/body-parser/node_modules/type-is/node_modules/media-typer": {
      "version": "0.3.0",
      "license": "MIT",
      "engines": {
        "node": ">= 0.6"
      }
    },
    "node_modules/body-parser/node_modules/type-is/node_modules/mime-types": {
      "version": "2.1.11",
      "license": "MIT",
      "dependencies": {
        "mime-db": "~1.23.0"
      },
      "engines": {
        "node": ">= 0.6"
      }
    },
    "node_modules/body-parser/node_modules/type-is/node_modules/mime-types/node_modules/mime-db": {
      "version": "1.23.0",
      "license": "MIT",
      "engines": {
        "node": ">= 0.6"
      }
    },
    "node_modules/express": {
      "version": "4.14.0",
      "license": "MIT",
      "dependencies": {
        "accepts": "~1.3.3",
        "array-flatten": "1.1.1",
        "content-disposition": "0.5.1",
        "content-type": "~1.0.2",
        "cookie": "0.3.1",
        "cookie-signature": "1.0.6",
        "debug": "~2.2.0",
        "depd": "~1.1.0",
        "encodeurl": "~1.0.1",
        "escape-html": "~1.0.3",
        "etag": "~1.7.0",
        "finalhandler": "0.5.0",
        "fresh": "0.3.0",
        "merge-descriptors": "1.0.1",
        "methods": "~1.1.2",
        "on-finished": "~2.3.0",
        "parseurl": "~1.3.1",
        "path-to-regexp": "0.1.7",
        "proxy-addr": "~1.1.2",
        "qs": "6.2.0",
        "range-parser": "~1.2.0",
        "send": "0.14.1",
        "serve-static": "~1.11.1",
        "type-is": "~1.6.13",
        "utils-merge": "1.0.0",
        "vary": "~1.1.0"
      },
      "engines": {
        "node": ">= 0.10.0"
      }
    },
    "node_modules/express/node_modules/accepts": {
      "version": "1.3.3",
      "license": "MIT",
      "dependencies": {
        "mime-types": "~2.1.11",
        "negotiator": "0.6.1"
      },
      "engines": {
        "node": ">= 0.6"
      }
    },
    "node_modules/express/node_modules/accepts/node_modules/mime-types": {
      "version": "2.1.11",
      "license": "MIT",
      "dependencies": {
        "mime-db": "~1.23.0"
      },
      "engines": {
        "node": ">= 0.6"
      }
    },
    "node_modules/express/node_modules/accepts/node_modules/mime-types/node_modules/mime-db": {
      "version": "1.23.0",
      "license": "MIT",
      "engines": {
        "node": ">= 0.6"
      }
    },
    "node_modules/express/node_modules/accepts/node_modules/negotiator": {
      "version": "0.6.1",
      "license": "MIT",
      "engines": {
        "node": ">= 0.6"
      }
    },
    "node_modules/express/node_modules/array-flatten": {
      "version": "1.1.1",
      "license": "MIT"
    },
    "node_modules/express/node_modules/content-disposition": {
      "version": "0.5.1",
      "license": "MIT",
      "engines": {
        "node": ">= 0.6"
      }
    },
    "node_modules/express/node_modules/content-type": {
      "version": "1.0.2",
      "license": "MIT",
      "engines": {
        "node": ">= 0.6"
      }
    },
    "node_modules/express/node_modules/cookie": {
      "version": "0.3.1",
      "license": "MIT",
      "engines": {
        "node": ">= 0.6"
      }
    },
    "node_modules/express/node_modules/cookie-signature": {
      "version": "1.0.6",
      "license": "MIT"
    },
    "node_modules/express/node_modules/debug": {
      "version": "2.2.0",
      "license": "MIT",
      "dependencies": {
        "ms": "0.7.1"
      }
    },
    "node_modules/express/node_modules/debug/node_modules/ms": {
      "version": "0.7.1"
    },
    "node_modules/express/node_modules/depd": {
      "version": "1.1.0",
      "license": "MIT",
      "engines": {
        "node": ">= 0.6"
      }
    },
    "node_modules/express/node_modules/encodeurl": {
      "version": "1.0.1",
      "license": "MIT",
      "engines": {
        "node": ">= 0.8"
      }
    },
    "node_modules/express/node_modules/escape-html": {
      "version": "1.0.3",
      "license": "MIT"
    },
    "node_modules/express/node_modules/etag": {
      "version": "1.7.0",
      "license": "MIT",
      "engines": {
        "node": ">= 0.6"
      }
    },
    "node_modules/express/node_modules/finalhandler": {
      "version": "0.5.0",
      "license": "MIT",
      "dependencies": {
        "debug": "~2.2.0",
        "escape-html": "~1.0.3",
        "on-finished": "~2.3.0",
        "statuses": "~1.3.0",
        "unpipe": "~1.0.0"
      },
      "engines": {
        "node": ">= 0.8"
      }
    },
    "node_modules/express/node_modules/finalhandler/node_modules/statuses": {
      "version": "1.3.0",
      "license": "MIT",
      "engines": {
        "node": ">= 0.6"
      }
    },
    "node_modules/express/node_modules/finalhandler/node_modules/unpipe": {
      "version": "1.0.0",
      "license": "MIT",
      "engines": {
        "node": ">= 0.8"
      }
    },
    "node_modules/express/node_modules/fresh": {
      "version": "0.3.0",
      "license": "MIT",
      "engines": {
        "node": ">= 0.6"
      }
    },
    "node_modules/express/node_modules/merge-descriptors": {
      "version": "1.0.1",
      "license": "MIT"
    },
    "node_modules/express/node_modules/methods": {
      "version": "1.1.2",
      "license": "MIT",
      "engines": {
        "node": ">= 0.6"
      }
    },
    "node_modules/express/node_modules/on-finished": {
      "version": "2.3.0",
      "license": "MIT",
      "dependencies": {
        "ee-first": "1.1.1"
      },
      "engines": {
        "node": ">= 0.8"
      }
    },
    "node_modules/express/node_modules/on-finished/node_modules/ee-first": {
      "version": "1.1.1",
      "license": "MIT"
    },
    "node_modules/express/node_modules/parseurl": {
      "version": "1.3.1",
      "license": "MIT",
      "engines": {
        "node": ">= 0.8"
      }
    },
    "node_modules/express/node_modules/path-to-regexp": {
      "version": "0.1.7",
      "license": "MIT"
    },
    "node_modules/express/node_modules/proxy-addr": {
      "version": "1.1.2",
      "license": "MIT",
      "dependencies": {
        "forwarded": "~0.1.0",
        "ipaddr.js": "1.1.1"
      },
      "engines": {
        "node": ">= 0.6"
      }
    },
    "node_modules/express/node_modules/proxy-addr/node_modules/forwarded": {
      "version": "0.1.0",
      "license": "MIT",
      "engines": {
        "node": ">= 0.6"
      }
    },
    "node_modules/express/node_modules/proxy-addr/node_modules/ipaddr.js": {
      "version": "1.1.1",
      "license": "MIT",
      "engines": {
        "node": ">= 0.10"
      }
    },
    "node_modules/express/node_modules/qs": {
      "version": "6.2.0",
      "license": "BSD-3-Clause",
      "engines": {
        "node": ">=0.6"
      }
    },
    "node_modules/express/node_modules/range-parser": {
      "version": "1.2.0",
      "license": "MIT",
      "engines": {
        "node": ">= 0.6"
      }
    },
    "node_modules/express/node_modules/send": {
      "version": "0.14.1",
      "license": "MIT",
      "dependencies": {
        "debug": "~2.2.0",
        "depd": "~1.1.0",
        "destroy": "~1.0.4",
        "encodeurl": "~1.0.1",
        "escape-html": "~1.0.3",
        "etag": "~1.7.0",
        "fresh": "0.3.0",
        "http-errors": "~1.5.0",
        "mime": "1.3.4",
        "ms": "0.7.1",
        "on-finished": "~2.3.0",
        "range-parser": "~1.2.0",
        "statuses": "~1.3.0"
      },
      "engines": {
        "node": ">= 0.8.0"
      }
    },
    "node_modules/express/node_modules/send/node_modules/destroy": {
      "version": "1.0.4",
      "license": "MIT"
    },
    "node_modules/express/node_modules/send/node_modules/http-errors": {
      "version": "1.5.0",
      "license": "MIT",
      "dependencies": {
        "inherits": "2.0.1",
        "setprototypeof": "1.0.1",
        "statuses": ">= 1.3.0 < 2"
      },
      "engines": {
        "node": ">= 0.6"
      }
    },
    "node_modules/express/node_modules/send/node_modules/http-errors/node_modules/inherits": {
      "version": "2.0.1",
      "license": "ISC"
    },
    "node_modules/express/node_modules/send/node_modules/http-errors/node_modules/setprototypeof": {
      "version": "1.0.1",
      "license": "ISC"
    },
    "node_modules/express/node_modules/send/node_modules/mime": {
      "version": "1.3.4",
      "bin": {
        "mime": "cli.js"
      }
    },
    "node_modules/express/node_modules/send/node_modules/ms": {
      "version": "0.7.1"
    },
    "node_modules/express/node_modules/send/node_modules/statuses": {
      "version": "1.3.0",
      "license": "MIT",
      "engines": {
        "node": ">= 0.6"
      }
    },
    "node_modules/express/node_modules/serve-static": {
      "version": "1.11.1",
      "license": "MIT",
      "dependencies": {
        "encodeurl": "~1.0.1",
        "escape-html": "~1.0.3",
        "parseurl": "~1.3.1",
        "send": "0.14.1"
      },
      "engines": {
        "node": ">= 0.8.0"
      }
    },
    "node_modules/express/node_modules/type-is": {
      "version": "1.6.13",
      "license": "MIT",
      "dependencies": {
        "media-typer": "0.3.0",
        "mime-types": "~2.1.11"
      },
      "engines": {
        "node": ">= 0.6"
      }
    },
    "node_modules/express/node_modules/type-is/node_modules/media-typer": {
      "version": "0.3.0",
      "license": "MIT",
      "engines": {
        "node": ">= 0.6"
      }
    },
    "node_modules/express/node_modules/type-is/node_modules/mime-types": {
      "version": "2.1.11",
      "license": "MIT",
      "dependencies": {
        "mime-db": "~1.23.0"
      },
      "engines": {
        "node": ">= 0.6"
      }
    },
    "node_modules/express/node_modules/type-is/node_modules/mime-types/node_modules/mime-db": {
      "version": "1.23.0",
      "license": "MIT",
      "engines": {
        "node": ">= 0.6"
      }
    },
    "node_modules/express/node_modules/utils-merge": {
      "version": "1.0.0",
      "engines": {
        "node": ">= 0.4.0"
      }
    },
    "node_modules/express/node_modules/vary": {
      "version": "1.1.0",
      "license": "MIT",
      "engines": {
        "node": ">= 0.8"
      }
    },
    "node_modules/jsonwebtoken": {
      "version": "7.0.1",
      "license": "MIT",
      "dependencies": {
        "joi": "~6.10.1",
        "jws": "^3.0.0",
        "ms": "^0.7.1",
        "xtend": "^4.0.1"
      },
      "engines": {
        "node": ">=0.12",
        "npm": ">=1.4.28"
      }
    },
    "node_modules/jsonwebtoken/node_modules/joi": {
      "version": "6.10.1",
      "license": "BSD-3-Clause",
      "dependencies": {
        "hoek": "2.x.x",
        "isemail": "1.x.x",
        "moment": "2.x.x",
        "topo": "1.x.x"
      },
      "engines": {
        "node": ">=0.10.40",
        "npm": ">=2.0.0"
      }
    },
    "node_modules/jsonwebtoken/node_modules/joi/node_modules/hoek": {
      "version": "2.16.3",
      "license": "BSD-3-Clause",
      "engines": {
        "node": ">=0.10.40"
      }
    },
    "node_modules/jsonwebtoken/node_modules/joi/node_modules/isemail": {
      "version": "1.2.0",
      "license": "BSD-2-Clause",
      "engines": {
        "node": ">=0.10"
      }
    },
    "node_modules/jsonwebtoken/node_modules/joi/node_modules/moment": {
      "version": "2.13.0",
      "license": "MIT",
      "engines": {
        "node": "*"
      }
    },
    "node_modules/jsonwebtoken/node_modules/joi/node_modules/topo": {
      "version": "1.1.0",
      "license": "BSD-3-Clause",
      "dependencies": {
        "hoek": "2.x.x"
      },
      "engines": {
        "node": ">=0.10.40"
      }
    },
    "node_modules/jsonwebtoken/node_modules/jws": {
      "version": "3.1.3",
      "license": "MIT",
      "dependencies": {
        "base64url": "~1.0.4",
        "jwa": "^1.1.2"
      }
    },
    "node_modules/jsonwebtoken/node_modules/jws/node_modules/base64url": {
      "version": "1.0.6",
      "license": "MIT",
      "dependencies": {
        "concat-stream": "~1.4.7",
        "meow": "~2.0.0"
      },
      "bin": {
        "base64url": "bin/base64url"
      }
    },
    "node_modules/jsonwebtoken/node_modules/jws/node_modules/base64url/node_modules/concat-stream": {
      "version": "1.4.10",
      "engines": [
        "node >= 0.8"
      ],
      "license": "MIT",
      "dependencies": {
        "inherits": "~2.0.1",
        "readable-stream": "~1.1.9",
        "typedarray": "~0.0.5"
      }
    },
    "node_modules/jsonwebtoken/node_modules/jws/node_modules/base64url/node_modules/concat-stream/node_modules/inherits": {
      "version": "2.0.1",
      "license": "ISC"
    },
    "node_modules/jsonwebtoken/node_modules/jws/node_modules/base64url/node_modules/concat-stream/node_modules/readable-stream": {
      "version": "1.1.14",
      "license": "MIT",
      "dependencies": {
        "core-util-is": "~1.0.0",
        "inherits": "~2.0.1",
        "isarray": "0.0.1",
        "string_decoder": "~0.10.x"
      }
    },
    "node_modules/jsonwebtoken/node_modules/jws/node_modules/base64url/node_modules/concat-stream/node_modules/readable-stream/node_modules/core-util-is": {
      "version": "1.0.2",
      "license": "MIT"
    },
    "node_modules/jsonwebtoken/node_modules/jws/node_modules/base64url/node_modules/concat-stream/node_modules/readable-stream/node_modules/isarray": {
      "version": "0.0.1",
      "license": "MIT"
    },
    "node_modules/jsonwebtoken/node_modules/jws/node_modules/base64url/node_modules/concat-stream/node_modules/readable-stream/node_modules/string_decoder": {
      "version": "0.10.31",
      "license": "MIT"
    },
    "node_modules/jsonwebtoken/node_modules/jws/node_modules/base64url/node_modules/concat-stream/node_modules/typedarray": {
      "version": "0.0.6",
      "license": "MIT"
    },
    "node_modules/jsonwebtoken/node_modules/jws/node_modules/base64url/node_modules/meow": {
      "version": "2.0.0",
      "license": "MIT",
      "dependencies": {
        "camelcase-keys": "^1.0.0",
        "indent-string": "^1.1.0",
        "minimist": "^1.1.0",
        "object-assign": "^1.0.0"
      },
      "engines": {
        "node": ">=0.10.0"
      }
    },
    "node_modules/jsonwebtoken/node_modules/jws/node_modules/base64url/node_modules/meow/node_modules/camelcase-keys": {
      "version": "1.0.0",
      "license": "MIT",
      "dependencies": {
        "camelcase": "^1.0.1",
        "map-obj": "^1.0.0"
      },
      "engines": {
        "node": ">=0.10.0"
      }
    },
    "node_modules/jsonwebtoken/node_modules/jws/node_modules/base64url/node_modules/meow/node_modules/camelcase-keys/node_modules/camelcase": {
      "version": "1.2.1",
      "license": "MIT",
      "engines": {
        "node": ">=0.10.0"
      }
    },
    "node_modules/jsonwebtoken/node_modules/jws/node_modules/base64url/node_modules/meow/node_modules/camelcase-keys/node_modules/map-obj": {
      "version": "1.0.1",
      "license": "MIT",
      "engines": {
        "node": ">=0.10.0"
      }
    },
    "node_modules/jsonwebtoken/node_modules/jws/node_modules/base64url/node_modules/meow/node_modules/indent-string": {
      "version": "1.2.2",
      "license": "MIT",
      "dependencies": {
        "get-stdin": "^4.0.1",
        "minimist": "^1.1.0",
        "repeating": "^1.1.0"
      },
      "bin": {
        "indent-string": "cli.js"
      },
      "engines": {
        "node": ">=0.10.0"
      }
    },
    "node_modules/jsonwebtoken/node_modules/jws/node_modules/base64url/node_modules/meow/node_modules/indent-string/node_modules/get-stdin": {
      "version": "4.0.1",
      "license": "MIT",
      "engines": {
        "node": ">=0.10.0"
      }
    },
    "node_modules/jsonwebtoken/node_modules/jws/node_modules/base64url/node_modules/meow/node_modules/indent-string/node_modules/repeating": {
      "version": "1.1.3",
      "license": "MIT",
      "dependencies": {
        "is-finite": "^1.0.0"
      },
      "bin": {
        "repeating": "cli.js"
      },
      "engines": {
        "node": ">=0.10.0"
      }
    },
    "node_modules/jsonwebtoken/node_modules/jws/node_modules/base64url/node_modules/meow/node_modules/indent-string/node_modules/repeating/node_modules/is-finite": {
      "version": "1.0.1",
      "license": "MIT",
      "dependencies": {
        "number-is-nan": "^1.0.0"
      },
      "engines": {
        "node": ">=0.10.0"
      }
    },
    "node_modules/jsonwebtoken/node_modules/jws/node_modules/base64url/node_modules/meow/node_modules/indent-string/node_modules/repeating/node_modules/is-finite/node_modules/number-is-nan": {
      "version": "1.0.0",
      "license": "MIT",
      "engines": {
        "node": ">=0.10.0"
      }
    },
    "node_modules/jsonwebtoken/node_modules/jws/node_modules/base64url/node_modules/meow/node_modules/minimist": {
      "version": "1.2.0",
      "license": "MIT"
    },
    "node_modules/jsonwebtoken/node_modules/jws/node_modules/base64url/node_modules/meow/node_modules/object-assign": {
      "version": "1.0.0",
      "license": "MIT",
      "engines": {
        "node": ">=0.10.0"
      }
    },
    "node_modules/jsonwebtoken/node_modules/jws/node_modules/jwa": {
      "version": "1.1.3",
      "license": "MIT",
      "dependencies": {
        "base64url": "~1.0.4",
        "buffer-equal-constant-time": "^1.0.1",
        "ecdsa-sig-formatter": "^1.0.0"
      }
    },
    "node_modules/jsonwebtoken/node_modules/jws/node_modules/jwa/node_modules/buffer-equal-constant-time": {
      "version": "1.0.1",
      "license": "BSD-3-Clause"
    },
    "node_modules/jsonwebtoken/node_modules/jws/node_modules/jwa/node_modules/ecdsa-sig-formatter": {
      "version": "1.0.5",
      "license": "Apache-2.0",
      "dependencies": {
        "base64-url": "^1.2.1"
      }
    },
    "node_modules/jsonwebtoken/node_modules/jws/node_modules/jwa/node_modules/ecdsa-sig-formatter/node_modules/base64-url": {
      "version": "1.2.2",
      "license": "ISC"
    },
    "node_modules/jsonwebtoken/node_modules/ms": {
      "version": "0.7.1"
    },
    "node_modules/jsonwebtoken/node_modules/xtend": {
      "version": "4.0.1",
      "license": "MIT",
      "engines": {
        "node": ">=0.4"
      }
    },
    "node_modules/method-override": {
      "version": "2.3.6",
      "license": "MIT",
      "dependencies": {
        "debug": "~2.2.0",
        "methods": "~1.1.2",
        "parseurl": "~1.3.1",
        "vary": "~1.1.0"
      },
      "engines": {
        "node": ">= 0.8.0"
      }
    },
    "node_modules/method-override/node_modules/debug": {
      "version": "2.2.0",
      "license": "MIT",
      "dependencies": {
        "ms": "0.7.1"
      }
    },
    "node_modules/method-override/node_modules/debug/node_modules/ms": {
      "version": "0.7.1"
    },
    "node_modules/method-override/node_modules/methods": {
      "version": "1.1.2",
      "license": "MIT",
      "engines": {
        "node": ">= 0.6"
      }
    },
    "node_modules/method-override/node_modules/parseurl": {
      "version": "1.3.1",
      "license": "MIT",
      "engines": {
        "node": ">= 0.8"
      }
    },
    "node_modules/method-override/node_modules/vary": {
      "version": "1.1.0",
      "license": "MIT",
      "engines": {
        "node": ">= 0.8"
      }
    },
    "node_modules/mongoose": {
      "version": "4.5.3",
      "license": "MIT",
      "dependencies": {
        "async": "1.5.2",
        "bson": "~0.4.23",
        "hooks-fixed": "1.1.0",
        "kareem": "1.1.3",
        "mongodb": "2.1.18",
        "mpath": "0.2.1",
        "mpromise": "0.5.5",
        "mquery": "1.11.0",
        "ms": "0.7.1",
        "muri": "1.1.0",
        "regexp-clone": "0.0.1",
        "sliced": "1.0.1"
      },
      "engines": {
        "node": ">=0.6.19"
      }
    },
    "node_modules/mongoose/node_modules/async": {
      "version": "1.5.2",
      "license": "MIT"
    },
    "node_modules/mongoose/node_modules/bson": {
      "version": "0.4.23",
      "license": "Apache-2.0",
      "engines": {
        "node": ">=0.6.19"
      }
    },
    "node_modules/mongoose/node_modules/hooks-fixed": {
      "version": "1.1.0",
      "engines": {
        "node": ">=0.4.0"
      }
    },
    "node_modules/mongoose/node_modules/kareem": {
      "version": "1.1.3",
      "license": "Apache 2.0"
    },
    "node_modules/mongoose/node_modules/mongodb": {
      "version": "2.1.18",
      "license": "Apache-2.0",
      "dependencies": {
        "es6-promise": "3.0.2",
        "mongodb-core": "1.3.18",
        "readable-stream": "1.0.31"
      },
      "engines": {
        "node": ">=0.10.3"
      }
    },
    "node_modules/mongoose/node_modules/mongodb/node_modules/es6-promise": {
      "version": "3.0.2",
      "license": "MIT"
    },
    "node_modules/mongoose/node_modules/mongodb/node_modules/mongodb-core": {
      "version": "1.3.18",
      "license": "Apache-2.0",
      "dependencies": {
        "bson": "~0.4.23",
        "require_optional": "~1.0.0"
      }
    },
    "node_modules/mongoose/node_modules/mongodb/node_modules/mongodb-core/node_modules/require_optional": {
      "version": "1.0.0",
      "license": "Apache-2.0",
      "dependencies": {
        "resolve-from": "^2.0.0",
        "semver": "^5.1.0"
      }
    },
    "node_modules/mongoose/node_modules/mongodb/node_modules/mongodb-core/node_modules/require_optional/node_modules/resolve-from": {
      "version": "2.0.0",
      "license": "MIT",
      "engines": {
        "node": ">=0.10.0"
      }
    },
    "node_modules/mongoose/node_modules/mongodb/node_modules/mongodb-core/node_modules/require_optional/node_modules/semver": {
      "version": "5.2.0",
      "license": "ISC",
      "bin": {
        "semver": "bin/semver"
      }
    },
    "node_modules/mongoose/node_modules/mongodb/node_modules/readable-stream": {
      "version": "1.0.31",
      "license": "MIT",
      "dependencies": {
        "core-util-is": "~1.0.0",
        "inherits": "~2.0.1",
        "isarray": "0.0.1",
        "string_decoder": "~0.10.x"
      }
    },
    "node_modules/mongoose/node_modules/mongodb/node_modules/readable-stream/node_modules/core-util-is": {
      "version": "1.0.2",
      "license": "MIT"
    },
    "node_modules/mongoose/node_modules/mongodb/node_modules/readable-stream/node_modules/inherits": {
      "version": "2.0.1",
      "license": "ISC"
    },
    "node_modules/mongoose/node_modules/mongodb/node_modules/readable-stream/node_modules/isarray": {
      "version": "0.0.1",
      "license": "MIT"
    },
    "node_modules/mongoose/node_modules/mongodb/node_modules/readable-stream/node_modules/string_decoder": {
      "version": "0.10.31",
      "license": "MIT"
    },
    "node_modules/mongoose/node_modules/mpath": {
      "version": "0.2.1",
      "license": "MIT"
    },
    "node_modules/mongoose/node_modules/mpromise": {
      "version": "0.5.5",
      "license": "MIT"
    },
    "node_modules/mongoose/node_modules/mquery": {
      "version": "1.11.0",
      "license": "MIT",
      "dependencies": {
        "bluebird": "2.10.2",
        "debug": "2.2.0",
        "regexp-clone": "0.0.1",
        "sliced": "0.0.5"
      }
    },
    "node_modules/mongoose/node_modules/mquery/node_modules/bluebird": {
      "version": "2.10.2",
      "license": "MIT"
    },
    "node_modules/mongoose/node_modules/mquery/node_modules/debug": {
      "version": "2.2.0",
      "license": "MIT",
      "dependencies": {
        "ms": "0.7.1"
      }
    },
    "node_modules/mongoose/node_modules/mquery/node_modules/sliced": {
      "version": "0.0.5",
      "license": "MIT"
    },
    "node_modules/mongoose/node_modules/ms": {
      "version": "0.7.1"
    },
    "node_modules/mongoose/node_modules/muri": {
      "version": "1.1.0",
      "license": "MIT"
    },
    "node_modules/mongoose/node_modules/regexp-clone": {
      "version": "0.0.1",
      "license": "MIT"
    },
    "node_modules/mongoose/node_modules/sliced": {
      "version": "1.0.1",
      "license": "MIT"
    },
    "node_modules/morgan": {
      "version": "1.7.0",
      "license": "MIT",
      "dependencies": {
        "basic-auth": "~1.0.3",
        "debug": "~2.2.0",
        "depd": "~1.1.0",
        "on-finished": "~2.3.0",
        "on-headers": "~1.0.1"
      },
      "engines": {
        "node": ">= 0.8.0"
      }
    },
    "node_modules/morgan/node_modules/basic-auth": {
      "version": "1.0.4",
      "license": "MIT",
      "engines": {
        "node": ">= 0.6"
      }
    },
    "node_modules/morgan/node_modules/debug": {
      "version": "2.2.0",
      "license": "MIT",
      "dependencies": {
        "ms": "0.7.1"
      }
    },
    "node_modules/morgan/node_modules/debug/node_modules/ms": {
      "version": "0.7.1"
    },
    "node_modules/morgan/node_modules/depd": {
      "version": "1.1.0",
      "license": "MIT",
      "engines": {
        "node": ">= 0.6"
      }
    },
    "node_modules/morgan/node_modules/on-finished": {
      "version": "2.3.0",
      "license": "MIT",
      "dependencies": {
        "ee-first": "1.1.1"
      },
      "engines": {
        "node": ">= 0.8"
      }
    },
    "node_modules/morgan/node_modules/on-finished/node_modules/ee-first": {
      "version": "1.1.1",
      "license": "MIT"
    },
    "node_modules/morgan/node_modules/on-headers": {
      "version": "1.0.1",
      "license": "MIT",
      "engines": {
        "node": ">= 0.8"
      }
    }
  },
  "dependencies": {
    "body-parser": {
      "version": "1.15.2",
      "requires": {
        "bytes": "2.4.0",
        "content-type": "~1.0.2",
        "debug": "~2.2.0",
        "depd": "~1.1.0",
        "http-errors": "~1.5.0",
        "iconv-lite": "0.4.13",
        "on-finished": "~2.3.0",
        "qs": "6.2.0",
        "raw-body": "~2.1.7",
        "type-is": "~1.6.13"
      },
      "dependencies": {
        "bytes": {
          "version": "2.4.0"
        },
        "content-type": {
          "version": "1.0.2"
        },
        "debug": {
          "version": "2.2.0",
          "requires": {
            "ms": "0.7.1"
          },
          "dependencies": {
            "ms": {
              "version": "0.7.1"
            }
          }
        },
        "depd": {
          "version": "1.1.0"
        },
        "http-errors": {
          "version": "1.5.0",
          "requires": {
            "inherits": "2.0.1",
            "setprototypeof": "1.0.1",
            "statuses": ">= 1.3.0 < 2"
          },
          "dependencies": {
            "inherits": {
              "version": "2.0.1"
            },
            "setprototypeof": {
              "version": "1.0.1"
            },
            "statuses": {
              "version": "1.3.0"
            }
          }
        },
        "iconv-lite": {
          "version": "0.4.13"
        },
        "on-finished": {
          "version": "2.3.0",
          "requires": {
            "ee-first": "1.1.1"
          },
          "dependencies": {
            "ee-first": {
              "version": "1.1.1"
            }
          }
        },
        "qs": {
          "version": "6.2.0"
        },
        "raw-body": {
          "version": "2.1.7",
          "requires": {
            "bytes": "2.4.0",
            "iconv-lite": "0.4.13",
            "unpipe": "1.0.0"
          },
          "dependencies": {
            "unpipe": {
              "version": "1.0.0"
            }
          }
        },
        "type-is": {
          "version": "1.6.13",
          "requires": {
            "media-typer": "0.3.0",
            "mime-types": "~2.1.11"
          },
          "dependencies": {
            "media-typer": {
              "version": "0.3.0"
            },
            "mime-types": {
              "version": "2.1.11",
              "requires": {
                "mime-db": "~1.23.0"
              },
              "dependencies": {
                "mime-db": {
                  "version": "1.23.0"
                }
              }
            }
          }
        }
      }
    },
    "express": {
      "version": "4.14.0",
      "requires": {
        "accepts": "~1.3.3",
        "array-flatten": "1.1.1",
        "content-disposition": "0.5.1",
        "content-type": "~1.0.2",
        "cookie": "0.3.1",
        "cookie-signature": "1.0.6",
        "debug": "~2.2.0",
        "depd": "~1.1.0",
        "encodeurl": "~1.0.1",
        "escape-html": "~1.0.3",
        "etag": "~1.7.0",
        "finalhandler": "0.5.0",
        "fresh": "0.3.0",
        "merge-descriptors": "1.0.1",
        "methods": "~1.1.2",
        "on-finished": "~2.3.0",
        "parseurl": "~1.3.1",
        "path-to-regexp": "0.1.7",
        "proxy-addr": "~1.1.2",
        "qs": "6.2.0",
        "range-parser": "~1.2.0",
        "send": "0.14.1",
        "serve-static": "~1.11.1",
        "type-is": "~1.6.13",
        "utils-merge": "1.0.0",
        "vary": "~1.1.0"
      },
      "dependencies": {
        "accepts": {
          "version": "1.3.3",
          "requires": {
            "mime-types": "~2.1.11",
            "negotiator": "0.6.1"
          },
          "dependencies": {
            "mime-types": {
              "version": "2.1.11",
              "requires": {
                "mime-db": "~1.23.0"
              },
              "dependencies": {
                "mime-db": {
                  "version": "1.23.0"
                }
              }
            },
            "negotiator": {
              "version": "0.6.1"
            }
          }
        },
        "array-flatten": {
          "version": "1.1.1"
        },
        "content-disposition": {
          "version": "0.5.1"
        },
        "content-type": {
          "version": "1.0.2"
        },
        "cookie": {
          "version": "0.3.1"
        },
        "cookie-signature": {
          "version": "1.0.6"
        },
        "debug": {
          "version": "2.2.0",
          "requires": {
            "ms": "0.7.1"
          },
          "dependencies": {
            "ms": {
              "version": "0.7.1"
            }
          }
        },
        "depd": {
          "version": "1.1.0"
        },
        "encodeurl": {
          "version": "1.0.1"
        },
        "escape-html": {
          "version": "1.0.3"
        },
        "etag": {
          "version": "1.7.0"
        },
        "finalhandler": {
          "version": "0.5.0",
          "requires": {
            "debug": "~2.2.0",
            "escape-html": "~1.0.3",
            "on-finished": "~2.3.0",
            "statuses": "~1.3.0",
            "unpipe": "~1.0.0"
          },
          "dependencies": {
            "statuses": {
              "version": "1.3.0"
            },
            "unpipe": {
              "version": "1.0.0"
            }
          }
        },
        "fresh": {
          "version": "0.3.0"
        },
        "merge-descriptors": {
          "version": "1.0.1"
        },
        "methods": {
          "version": "1.1.2"
        },
        "on-finished": {
          "version": "2.3.0",
          "requires": {
            "ee-first": "1.1.1"
          },
          "dependencies": {
            "ee-first": {
              "version": "1.1.1"
            }
          }
        },
        "parseurl": {
          "version": "1.3.1"
        },
        "path-to-regexp": {
          "version": "0.1.7"
        },
        "proxy-addr": {
          "version": "1.1.2",
          "requires": {
            "forwarded": "~0.1.0",
            "ipaddr.js": "1.1.1"
          },
          "dependencies": {
            "forwarded": {
              "version": "0.1.0"
            },
            "ipaddr.js": {
              "version": "1.1.1"
            }
          }
        },
        "qs": {
          "version": "6.2.0"
        },
        "range-parser": {
          "version": "1.2.0"
        },
        "send": {
          "version": "0.14.1",
          "requires": {
            "debug": "~2.2.0",
            "depd": "~1.1.0",
            "destroy": "~1.0.4",
            "encodeurl": "~1.0.1",
            "escape-html": "~1.0.3",
            "etag": "~1.7.0",
            "fresh": "0.3.0",
            "http-errors": "~1.5.0",
            "mime": "1.3.4",
            "ms": "0.7.1",
            "on-finished": "~2.3.0",
            "range-parser": "~1.2.0",
            "statuses": "~1.3.0"
          },
          "dependencies": {
            "destroy": {
              "version": "1.0.4"
            },
            "http-errors": {
              "version": "1.5.0",
              "requires": {
                "inherits": "2.0.1",
                "setprototypeof": "1.0.1",
                "statuses": ">= 1.3.0 < 2"
              },
              "dependencies": {
                "inherits": {
                  "version": "2.0.1"
                },
                "setprototypeof": {
                  "version": "1.0.1"
                }
              }
            },
            "mime": {
              "version": "1.3.4"
            },
            "ms": {
              "version": "0.7.1"
            },
            "statuses": {
              "version": "1.3.0"
            }
          }
        },
        "serve-static": {
          "version": "1.11.1",
          "requires": {
            "encodeurl": "~1.0.1",
            "escape-html": "~1.0.3",
            "parseurl": "~1.3.1",
            "send": "0.14.1"
          }
        },
        "type-is": {
          "version": "1.6.13",
          "requires": {
            "media-typer": "0.3.0",
            "mime-types": "~2.1.11"
          },
          "dependencies": {
            "media-typer": {
              "version": "0.3.0"
            },
            "mime-types": {
              "version": "2.1.11",
              "requires": {
                "mime-db": "~1.23.0"
              },
              "dependencies": {
                "mime-db": {
                  "version": "1.23.0"
                }
              }
            }
          }
        },
        "utils-merge": {
          "version": "1.0.0"
        },
        "vary": {
          "version": "1.1.0"
        }
      }
    },
    "jsonwebtoken": {
      "version": "7.0.1",
      "requires": {
        "joi": "~6.10.1",
        "jws": "^3.0.0",
        "ms": "^0.7.1",
        "xtend": "^4.0.1"
      },
      "dependencies": {
        "joi": {
          "version": "6.10.1",
          "requires": {
            "hoek": "2.x.x",
            "isemail": "1.x.x",
            "moment": "2.x.x",
            "topo": "1.x.x"
          },
          "dependencies": {
            "hoek": {
              "version": "2.16.3"
            },
            "isemail": {
              "version": "1.2.0"
            },
            "moment": {
              "version": "2.13.0"
            },
            "topo": {
              "version": "1.1.0",
              "requires": {
                "hoek": "2.x.x"
              }
            }
          }
        },
        "jws": {
          "version": "3.1.3",
          "requires": {
            "base64url": "~1.0.4",
            "jwa": "^1.1.2"
          },
          "dependencies": {
            "base64url": {
              "version": "1.0.6",
              "requires": {
                "concat-stream": "~1.4.7",
                "meow": "~2.0.0"
              },
              "dependencies": {
                "concat-stream": {
                  "version": "1.4.10",
                  "requires": {
                    "inherits": "~2.0.1",
                    "readable-stream": "~1.1.9",
                    "typedarray": "~0.0.5"
                  },
                  "dependencies": {
                    "inherits": {
                      "version": "2.0.1"
                    },
                    "readable-stream": {
                      "version": "1.1.14",
                      "requires": {
                        "core-util-is": "~1.0.0",
                        "inherits": "~2.0.1",
                        "isarray": "0.0.1",
                        "string_decoder": "~0.10.x"
                      },
                      "dependencies": {
                        "core-util-is": {
                          "version": "1.0.2"
                        },
                        "isarray": {
                          "version": "0.0.1"
                        },
                        "string_decoder": {
                          "version": "0.10.31"
                        }
                      }
                    },
                    "typedarray": {
                      "version": "0.0.6"
                    }
                  }
                },
                "meow": {
                  "version": "2.0.0",
                  "requires": {
                    "camelcase-keys": "^1.0.0",
                    "indent-string": "^1.1.0",
                    "minimist": "^1.1.0",
                    "object-assign": "^1.0.0"
                  },
                  "dependencies": {
                    "camelcase-keys": {
                      "version": "1.0.0",
                      "requires": {
                        "camelcase": "^1.0.1",
                        "map-obj": "^1.0.0"
                      },
                      "dependencies": {
                        "camelcase": {
                          "version": "1.2.1"
                        },
                        "map-obj": {
                          "version": "1.0.1"
                        }
                      }
                    },
                    "indent-string": {
                      "version": "1.2.2",
                      "requires": {
                        "get-stdin": "^4.0.1",
                        "minimist": "^1.1.0",
                        "repeating": "^1.1.0"
                      },
                      "dependencies": {
                        "get-stdin": {
                          "version": "4.0.1"
                        },
                        "repeating": {
                          "version": "1.1.3",
                          "requires": {
                            "is-finite": "^1.0.0"
                          },
                          "dependencies": {
                            "is-finite": {
                              "version": "1.0.1",
                              "requires": {
                                "number-is-nan": "^1.0.0"
                              },
                              "dependencies": {
                                "number-is-nan": {
                                  "version": "1.0.0"
                                }
                              }
                            }
                          }
                        }
                      }
                    },
                    "minimist": {
                      "version": "1.2.0"
                    },
                    "object-assign": {
                      "version": "1.0.0"
                    }
                  }
                }
              }
            },
            "jwa": {
              "version": "1.1.3",
              "requires": {
                "base64url": "~1.0.4",
                "buffer-equal-constant-time": "^1.0.1",
                "ecdsa-sig-formatter": "^1.0.0"
              },
              "dependencies": {
                "buffer-equal-constant-time": {
                  "version": "1.0.1"
                },
                "ecdsa-sig-formatter": {
                  "version": "1.0.5",
                  "requires": {
                    "base64-url": "^1.2.1"
                  },
                  "dependencies": {
                    "base64-url": {
                      "version": "1.2.2"
                    }
                  }
                }
              }
            }
          }
        },
        "ms": {
          "version": "0.7.1"
        },
        "xtend": {
          "version": "4.0.1"
        }
      }
    },
    "method-override": {
      "version": "2.3.6",
      "requires": {
        "debug": "~2.2.0",
        "methods": "~1.1.2",
        "parseurl": "~1.3.1",
        "vary": "~1.1.0"
      },
      "dependencies": {
        "debug": {
          "version": "2.2.0",
          "requires": {
            "ms": "0.7.1"
          },
          "dependencies": {
            "ms": {
              "version": "0.7.1"
            }
          }
        },
        "methods": {
          "version": "1.1.2"
        },
        "parseurl": {
          "version": "1.3.1"
        },
        "vary": {
          "version": "1.1.0"
        }
      }
    },
    "mongoose": {
      "version": "4.5.3",
      "requires": {
        "async": "1.5.2",
        "bson": "~0.4.23",
        "hooks-fixed": "1.1.0",
        "kareem": "1.1.3",
        "mongodb": "2.1.18",
        "mpath": "0.2.1",
        "mpromise": "0.5.5",
        "mquery": "1.11.0",
        "ms": "0.7.1",
        "muri": "1.1.0",
        "regexp-clone": "0.0.1",
        "sliced": "1.0.1"
      },
      "dependencies": {
        "async": {
          "version": "1.5.2"
        },
        "bson": {
          "version": "0.4.23"
        },
        "hooks-fixed": {
          "version": "1.1.0"
        },
        "kareem": {
          "version": "1.1.3"
        },
        "mongodb": {
          "version": "2.1.18",
          "requires": {
            "es6-promise": "3.0.2",
            "mongodb-core": "1.3.18",
            "readable-stream": "1.0.31"
          },
          "dependencies": {
            "es6-promise": {
              "version": "3.0.2"
            },
            "mongodb-core": {
              "version": "1.3.18",
              "requires": {
                "bson": "~0.4.23",
                "require_optional": "~1.0.0"
              },
              "dependencies": {
                "require_optional": {
                  "version": "1.0.0",
                  "requires": {
                    "resolve-from": "^2.0.0",
                    "semver": "^5.1.0"
                  },
                  "dependencies": {
                    "resolve-from": {
                      "version": "2.0.0"
                    },
                    "semver": {
                      "version": "5.2.0"
                    }
                  }
                }
              }
            },
            "readable-stream": {
              "version": "1.0.31",
              "requires": {
                "core-util-is": "~1.0.0",
                "inherits": "~2.0.1",
                "isarray": "0.0.1",
                "string_decoder": "~0.10.x"
              },
              "dependencies": {
                "core-util-is": {
                  "version": "1.0.2"
                },
                "inherits": {
                  "version": "2.0.1"
                },
                "isarray": {
                  "version": "0.0.1"
                },
                "string_decoder": {
                  "version": "0.10.31"
                }
              }
            }
          }
        },
        "mpath": {
          "version": "0.2.1"
        },
        "mpromise": {
          "version": "0.5.5"
        },
        "mquery": {
          "version": "1.11.0",
          "requires": {
            "bluebird": "2.10.2",
            "debug": "2.2.0",
            "regexp-clone": "0.0.1",
            "sliced": "0.0.5"
          },
          "dependencies": {
            "bluebird": {
              "version": "2.10.2"
            },
            "debug": {
              "version": "2.2.0",
              "requires": {
                "ms": "0.7.1"
              }
            },
            "sliced": {
              "version": "0.0.5"
            }
          }
        },
        "ms": {
          "version": "0.7.1"
        },
        "muri": {
          "version": "1.1.0"
        },
        "regexp-clone": {
          "version": "0.0.1"
        },
        "sliced": {
          "version": "1.0.1"
        }
      }
    },
    "morgan": {
      "version": "1.7.0",
      "requires": {
        "basic-auth": "~1.0.3",
        "debug": "~2.2.0",
        "depd": "~1.1.0",
        "on-finished": "~2.3.0",
        "on-headers": "~1.0.1"
      },
      "dependencies": {
        "basic-auth": {
          "version": "1.0.4"
        },
        "debug": {
          "version": "2.2.0",
          "requires": {
            "ms": "0.7.1"
          },
          "dependencies": {
            "ms": {
              "version": "0.7.1"
            }
          }
        },
        "depd": {
          "version": "1.1.0"
        },
        "on-finished": {
          "version": "2.3.0",
          "requires": {
            "ee-first": "1.1.1"
          },
          "dependencies": {
            "ee-first": {
              "version": "1.1.1"
            }
          }
        },
        "on-headers": {
          "version": "1.0.1"
        }
      }
    }
  }
}
